<?xml version="1.0"?>
<CONFIG>
  <ProjectOptions>
    <PathDelim Value="/"/>
    <Version Value="6"/>
    <General>
      <MainUnit Value="0"/>
      <TargetFileExt Value=""/>
      <Icon Value="0"/>
      <UseXPManifest Value="True"/>
      <ActiveEditorIndexAtStart Value="0"/>
    </General>
    <VersionInfo>
      <UseVersionInfo Value="True"/>
      <AutoIncrementBuild Value="True"/>
      <CurrentVersionNr Value="100"/>
      <CurrentMajorRevNr Value="13"/>
      <CurrentMinorRevNr Value="1"/>
      <CurrentBuildNr Value="69"/>
      <ProjectVersion Value="100.12.1.1"/>
      <Comments Value="Aurawin Test Library"/>
    </VersionInfo>
    <PublishOptions>
      <Version Value="2"/>
      <IgnoreBinaries Value="False"/>
      <IncludeFileFilter Value="*.(pas|pp|inc|lfm|lpr|lrs|lpi|lpk|sh|xml)"/>
      <ExcludeFileFilter Value="*.(bak|ppu|ppw|o|so);*~;backup"/>
    </PublishOptions>
    <RunParams>
      <local>
        <FormatVersion Value="1"/>
        <LaunchingApplication PathPlusParams="/usr/X11R6/bin/xterm -T 'Lazarus Run Output' -e $(LazarusDir)/tools/runwait.sh $(TargetCmdLine)"/>
      </local>
    </RunParams>
    <Units Count="7">
      <Unit0>
        <Filename Value="project1.lpr"/>
        <IsPartOfProject Value="True"/>
        <UnitName Value="project1"/>
        <CursorPos X="19" Y="12"/>
        <TopLine Value="1"/>
        <EditorIndex Value="0"/>
        <UsageCount Value="21"/>
        <Loaded Value="True"/>
      </Unit0>
      <Unit1>
        <Filename Value="../../../../Source/Lazarus/Libraries/Core/uCharArray.pas"/>
        <UnitName Value="uCharArray"/>
        <CursorPos X="1" Y="21"/>
        <TopLine Value="5"/>
        <UsageCount Value="10"/>
      </Unit1>
      <Unit2>
        <Filename Value="../Libraries/MatrixMemory/MatrixMemory"/>
        <CursorPos X="1" Y="1"/>
        <TopLine Value="1"/>
        <UsageCount Value="10"/>
        <SyntaxHighlighter Value="None"/>
      </Unit2>
      <Unit3>
        <Filename Value="../Libraries/MatrixMemory/MatrixMemory.lpr"/>
        <UnitName Value="MatrixMemory"/>
        <CursorPos X="12" Y="6"/>
        <TopLine Value="1"/>
        <UsageCount Value="11"/>
      </Unit3>
      <Unit4>
        <Filename Value="../Libraries/MatrixMemory/hMatrixMemory.pas"/>
        <IsPartOfProject Value="True"/>
        <UnitName Value="hMatrixMemory"/>
        <CursorPos X="1" Y="65"/>
        <TopLine Value="38"/>
        <EditorIndex Value="1"/>
        <UsageCount Value="21"/>
        <Loaded Value="True"/>
      </Unit4>
      <Unit5>
        <Filename Value="../Libraries/Core/hCharArray.pas"/>
        <IsPartOfProject Value="True"/>
        <UnitName Value="hCharArray"/>
        <CursorPos X="1" Y="22"/>
        <TopLine Value="1"/>
        <UsageCount Value="20"/>
      </Unit5>
      <Unit6>
        <Filename Value="../../../../Source/Lazarus/Libraries/Core/hCharArray.pas"/>
        <UnitName Value="hCharArray"/>
        <CursorPos X="3" Y="21"/>
        <TopLine Value="1"/>
        <UsageCount Value="10"/>
      </Unit6>
    </Units>
    <JumpHistory Count="17" HistoryIndex="16">
      <Position1>
        <Filename Value="project1.lpr"/>
        <Caret Line="13" Column="7" TopLine="1"/>
      </Position1>
      <Position2>
        <Filename Value="project1.lpr"/>
        <Caret Line="10" Column="25" TopLine="1"/>
      </Position2>
      <Position3>
        <Filename Value="project1.lpr"/>
        <Caret Line="12" Column="16" TopLine="1"/>
      </Position3>
      <Position4>
        <Filename Value="project1.lpr"/>
        <Caret Line="13" Column="16" TopLine="1"/>
      </Position4>
      <Position5>
        <Filename Value="project1.lpr"/>
        <Caret Line="15" Column="5" TopLine="1"/>
      </Position5>
      <Position6>
        <Filename Value="project1.lpr"/>
        <Caret Line="14" Column="56" TopLine="1"/>
      </Position6>
      <Position7>
        <Filename Value="project1.lpr"/>
        <Caret Line="12" Column="29" TopLine="1"/>
      </Position7>
      <Position8>
        <Filename Value="project1.lpr"/>
        <Caret Line="10" Column="35" TopLine="1"/>
      </Position8>
      <Position9>
        <Filename Value="project1.lpr"/>
        <Caret Line="12" Column="23" TopLine="1"/>
      </Position9>
      <Position10>
        <Filename Value="project1.lpr"/>
        <Caret Line="33" Column="1" TopLine="1"/>
      </Position10>
      <Position11>
        <Filename Value="project1.lpr"/>
        <Caret Line="12" Column="23" TopLine="1"/>
      </Position11>
      <Position12>
        <Filename Value="project1.lpr"/>
        <Caret Line="13" Column="13" TopLine="1"/>
      </Position12>
      <Position13>
        <Filename Value="project1.lpr"/>
        <Caret Line="12" Column="36" TopLine="1"/>
      </Position13>
      <Position14>
        <Filename Value="project1.lpr"/>
        <Caret Line="12" Column="11" TopLine="1"/>
      </Position14>
      <Position15>
        <Filename Value="project1.lpr"/>
        <Caret Line="13" Column="1" TopLine="1"/>
      </Position15>
      <Position16>
        <Filename Value="project1.lpr"/>
        <Caret Line="5" Column="39" TopLine="1"/>
      </Position16>
      <Position17>
        <Filename Value="project1.lpr"/>
        <Caret Line="13" Column="52" TopLine="1"/>
      </Position17>
    </JumpHistory>
  </ProjectOptions>
  <CompilerOptions>
    <Version Value="8"/>
    <Target>
      <Filename Value="project1.so"/>
    </Target>
    <SearchPaths>
      <OtherUnitFiles Value="/home/atbrunner/Source/Lazarus/Libraries/Core/;/home/atbrunner/Developer/Source/Lazarus/Libraries/MatrixMemory/;/home/atbrunner/Developer/Source/Lazarus/Libraries/Core/"/>
    </SearchPaths>
    <Parsing>
      <SyntaxOptions>
        <CStyleOperator Value="False"/>
      </SyntaxOptions>
    </Parsing>
    <CodeGeneration>
      <SmartLinkUnit Value="True"/>
    </CodeGeneration>
    <Linking>
      <Debugging>
        <GenerateDebugInfo Value="True"/>
        <UseExternalDbgSyms Value="True"/>
      </Debugging>
      <LinkSmart Value="True"/>
      <Options>
        <ExecutableType Value="Library"/>
      </Options>
    </Linking>
    <Other>
      <CompilerPath Value="$(CompPath)"/>
    </Other>
  </CompilerOptions>
  <Debugging>
    <Exceptions Count="3">
      <Item1>
        <Name Value="EAbort"/>
      </Item1>
      <Item2>
        <Name Value="ECodetoolError"/>
      </Item2>
      <Item3>
        <Name Value="EFOpenError"/>
      </Item3>
    </Exceptions>
  </Debugging>
</CONFIG>
